
Microsoft Visual Studio Solution File, Format Version 12.00
# Visual Studio 15
VisualStudioVersion = 15.0.26730.3
MinimumVisualStudioVersion = 10.0.40219.1
Project("{c9be333a-0d1f-4d7e-afd3-97ac04fb281e}") = "Jellyfin.Plugin.HttpAuth", "Jellyfin.Plugin.HttpAuth\Jellyfin.Plugin.HttpAuth.csproj", "{7f8f949a-0e48-4990-b01a-4a299173b000}"
EndProject
Global
	GlobalSection(SolutionConfigurationPlatforms) = preSolution
		Debug|Any CPU = Debug|Any CPU
		Release|Any CPU = Release|Any CPU
	EndGlobalSection
	GlobalSection(ProjectConfigurationPlatforms) = postSolution
		{7f8f949a-0e48-4990-b01a-4a299173b000}.Debug|Any CPU.ActiveCfg = Debug|Any CPU
		{7f8f949a-0e48-4990-b01a-4a299173b000}.Debug|Any CPU.Build.0 = Debug|Any CPU
		{7f8f949a-0e48-4990-b01a-4a299173b000}.Release|Any CPU.ActiveCfg = Release|Any CPU
		{7f8f949a-0e48-4990-b01a-4a299173b000}.Release|Any CPU.Build.0 = Release|Any CPU
	EndGlobalSection
	GlobalSection(SolutionProperties) = preSolution
		HideSolutionNode = FALSE
	EndGlobalSection
	GlobalSection(ExtensibilityGlobals) = postSolution
		SolutionGuid = {c3066815-1deb-467c-8bd9-3afb097c408b}
	EndGlobalSection
EndGlobal
